
Microsoft Visual Studio Solution File, Format Version 12.00
# Visual Studio 15
VisualStudioVersion = 15.0.27004.2002
MinimumVisualStudioVersion = 10.0.40219.1
Project("{FAE04EC0-301F-11D3-BF4B-00C04F79EFBC}") = "CsharpSocket", "CsharpSocket\CsharpSocket.csproj", "{60086815-2B08-4253-AC5E-DB37E7AED52E}"
EndProject
Global
	GlobalSection(SolutionConfigurationPlatforms) = preSolution
		Debug|Any CPU = Debug|Any CPU
		Release|Any CPU = Release|Any CPU
	EndGlobalSection
	GlobalSection(ProjectConfigurationPlatforms) = postSolution
		{60086815-2B08-4253-AC5E-DB37E7AED52E}.Debug|Any CPU.ActiveCfg = Debug|Any CPU
		{60086815-2B08-4253-AC5E-DB37E7AED52E}.Debug|Any CPU.Build.0 = Debug|Any CPU
		{60086815-2B08-4253-AC5E-DB37E7AED52E}.Release|Any CPU.ActiveCfg = Release|Any CPU
		{60086815-2B08-4253-AC5E-DB37E7AED52E}.Release|Any CPU.Build.0 = Release|Any CPU
	EndGlobalSection
	GlobalSection(SolutionProperties) = preSolution
		HideSolutionNode = FALSE
	EndGlobalSection
	GlobalSection(ExtensibilityGlobals) = postSolution
		SolutionGuid = {AA627A46-24FA-464B-8071-C2218BB17CB6}
	EndGlobalSection
EndGlobal
